
Microsoft Visual Studio Solution File, Format Version 12.00
Project("{FAE04EC0-301F-11D3-BF4B-00C04F79EFBC}") = "Films.Start", "Films.Start\Films.Start.csproj", "{8E66EFA4-E2DD-41DA-921C-2B7A6CD65C28}"
EndProject
Project("{FAE04EC0-301F-11D3-BF4B-00C04F79EFBC}") = "Films.Domain", "Films.Domain\Films.Domain.csproj", "{EEA6571B-3426-42E6-B4BE-DCCDE1691DAE}"
EndProject
Project("{FAE04EC0-301F-11D3-BF4B-00C04F79EFBC}") = "Films.Domain.Abstractions", "Films.Domain.Abstractions\Films.Domain.Abstractions.csproj", "{ADFB62FA-43A5-4FCA-9586-42D8E054D82B}"
EndProject
Project("{2150E333-8FDC-42A3-9474-1A3956D46DE8}") = "Domain", "Domain", "{F19D4E6A-23C2-45A6-A6EB-5A65B308C482}"
EndProject
Project("{2150E333-8FDC-42A3-9474-1A3956D46DE8}") = "Application", "Application", "{BE7B32FB-BF2F-48A0-AD7D-A97042191745}"
EndProject
Project("{FAE04EC0-301F-11D3-BF4B-00C04F79EFBC}") = "Films.Application.Abstractions", "Films.Application.Abstractions\Films.Application.Abstractions.csproj", "{8DC0AA84-C5B4-49F8-909E-602D115FEF41}"
EndProject
Project("{FAE04EC0-301F-11D3-BF4B-00C04F79EFBC}") = "Films.Application.Services", "Films.Application.Services\Films.Application.Services.csproj", "{C0FB2B0E-67CA-4E83-81A4-2881417A208E}"
EndProject
Project("{2150E333-8FDC-42A3-9474-1A3956D46DE8}") = "Infrastructure", "Infrastructure", "{B9DE988A-E294-4E3A-8F3B-88BDA584E98F}"
EndProject
Project("{FAE04EC0-301F-11D3-BF4B-00C04F79EFBC}") = "Films.Infrastructure.Web", "Films.Infrastructure.Web\Films.Infrastructure.Web.csproj", "{8762F8D0-1806-4D8E-A048-695A76F64F2B}"
EndProject
Project("{FAE04EC0-301F-11D3-BF4B-00C04F79EFBC}") = "AuthService.Infrastructure.Mailing", "AuthService.Infrastructure.Mailing\AuthService.Infrastructure.Mailing.csproj", "{56248353-736C-497F-B0D7-D33761C3724A}"
EndProject
Project("{FAE04EC0-301F-11D3-BF4B-00C04F79EFBC}") = "Films.Infrastructure.Storage", "Films.Infrastructure.Storage\Films.Infrastructure.Storage.csproj", "{BB12186D-D77B-4526-A8EF-7E4D3024B5C9}"
EndProject
Project("{FAE04EC0-301F-11D3-BF4B-00C04F79EFBC}") = "Films.Infrastructure.Movie", "Films.Infrastructure.Movie\Films.Infrastructure.Movie.csproj", "{456203C7-7559-429E-BACE-B5139346B000}"
EndProject
Project("{FAE04EC0-301F-11D3-BF4B-00C04F79EFBC}") = "Room.Start", "Room.Start\Room.Start.csproj", "{9C37413B-A72C-4191-9920-231639D52548}"
EndProject
Project("{2150E333-8FDC-42A3-9474-1A3956D46DE8}") = "Films", "Films", "{C472FF37-1315-4274-9421-17E16C16D12C}"
EndProject
Project("{2150E333-8FDC-42A3-9474-1A3956D46DE8}") = "Rooms", "Rooms", "{359093A2-1DCF-40F9-9F4A-FCE28146660B}"
EndProject
Project("{2150E333-8FDC-42A3-9474-1A3956D46DE8}") = "AuthService", "AuthService", "{B2BA58CE-1F61-471E-A4D9-AE03887CD170}"
EndProject
Project("{FAE04EC0-301F-11D3-BF4B-00C04F79EFBC}") = "AuthService.Start", "AuthService.Start\AuthService.Start.csproj", "{EAA9BF28-4D7D-45FF-B29F-59FB167EF86A}"
EndProject
Project("{FAE04EC0-301F-11D3-BF4B-00C04F79EFBC}") = "Room.Infrastructure.Storage", "Room.Infrastructure.Storage\Room.Infrastructure.Storage.csproj", "{3837CC4A-4A4B-43FF-B7CB-304E86ECEA87}"
EndProject
Project("{FAE04EC0-301F-11D3-BF4B-00C04F79EFBC}") = "Room.Infrastructure.Web", "Room.Infrastructure.Web\Room.Infrastructure.Web.csproj", "{5658BFE4-74EF-4B44-A651-B01F7E1AD77B}"
EndProject
Project("{FAE04EC0-301F-11D3-BF4B-00C04F79EFBC}") = "Room.Application.Abstractions", "Room.Application.Abstractions\Room.Application.Abstractions.csproj", "{EAC8A2E9-93F9-4F5B-9F62-093CE9191BEF}"
EndProject
Project("{FAE04EC0-301F-11D3-BF4B-00C04F79EFBC}") = "Room.Application.Services", "Room.Application.Services\Room.Application.Services.csproj", "{37AB26A2-61C3-405E-92F2-54E1F1071077}"
EndProject
Project("{FAE04EC0-301F-11D3-BF4B-00C04F79EFBC}") = "Room.Domain", "Room.Domain\Room.Domain.csproj", "{59F95A3E-5532-486C-8A7F-39014213ADE4}"
EndProject
Project("{FAE04EC0-301F-11D3-BF4B-00C04F79EFBC}") = "Room.Domain.Abstractions", "Room.Domain.Abstractions\Room.Domain.Abstractions.csproj", "{34EAE6C0-49F0-4ED2-BE0C-5C2810B52A77}"
EndProject
Project("{2150E333-8FDC-42A3-9474-1A3956D46DE8}") = "Domain", "Domain", "{245C8FF0-110D-48C8-A6C1-4B07F8B982F0}"
EndProject
Project("{2150E333-8FDC-42A3-9474-1A3956D46DE8}") = "Application", "Application", "{D2412C02-19B5-4D0B-BFFE-F496A72EAF35}"
EndProject
Project("{2150E333-8FDC-42A3-9474-1A3956D46DE8}") = "Infrastructure", "Infrastructure", "{AD9DCBD5-9B46-41B6-A139-1991B4D576DF}"
EndProject
Project("{FAE04EC0-301F-11D3-BF4B-00C04F79EFBC}") = "AuthService.Application.Abstractions", "AuthService.Application.Abstractions\AuthService.Application.Abstractions.csproj", "{5C59DD7B-A968-464A-8686-134175F47DB6}"
EndProject
Project("{FAE04EC0-301F-11D3-BF4B-00C04F79EFBC}") = "AuthService.Application.Services", "AuthService.Application.Services\AuthService.Application.Services.csproj", "{290E2017-26F9-45EA-BA77-36A8241C923A}"
EndProject
Project("{FAE04EC0-301F-11D3-BF4B-00C04F79EFBC}") = "AuthService.Infrastructure.Storage", "AuthService.Infrastructure.Storage\AuthService.Infrastructure.Storage.csproj", "{9E274954-3699-4A47-85EB-3F911B9A5B69}"
EndProject
Project("{2150E333-8FDC-42A3-9474-1A3956D46DE8}") = "Application", "Application", "{4A149C36-A57A-4F0B-961B-BEAC3EAA1E12}"
EndProject
Project("{2150E333-8FDC-42A3-9474-1A3956D46DE8}") = "Infrastructure", "Infrastructure", "{DE2A55B2-41B5-41D3-AD66-BDA78C3E263F}"
EndProject
Project("{FAE04EC0-301F-11D3-BF4B-00C04F79EFBC}") = "AuthService.Infrastructure.Web", "AuthService.Infrastructure.Web\AuthService.Infrastructure.Web.csproj", "{448C8E33-0B40-4F98-9AA7-03A71EEBC114}"
EndProject
Project("{2150E333-8FDC-42A3-9474-1A3956D46DE8}") = "Solution Items", "Solution Items", "{4EAFC3CC-B7A0-4BD0-8807-10C0CD28C98F}"
	ProjectSection(SolutionItems) = preProject
		docker-compose.yml = docker-compose.yml
	EndProjectSection
EndProject
Project("{FAE04EC0-301F-11D3-BF4B-00C04F79EFBC}") = "AuthService.VkId", "AuthService.VkId\AuthService.VkId.csproj", "{511A803C-F5DC-4B5E-8B7E-03283EF0F326}"
EndProject
Global
	GlobalSection(SolutionConfigurationPlatforms) = preSolution
		Debug|Any CPU = Debug|Any CPU
		Release|Any CPU = Release|Any CPU
	EndGlobalSection
	GlobalSection(ProjectConfigurationPlatforms) = postSolution
		{8E66EFA4-E2DD-41DA-921C-2B7A6CD65C28}.Debug|Any CPU.ActiveCfg = Debug|Any CPU
		{8E66EFA4-E2DD-41DA-921C-2B7A6CD65C28}.Debug|Any CPU.Build.0 = Debug|Any CPU
		{8E66EFA4-E2DD-41DA-921C-2B7A6CD65C28}.Release|Any CPU.ActiveCfg = Release|Any CPU
		{8E66EFA4-E2DD-41DA-921C-2B7A6CD65C28}.Release|Any CPU.Build.0 = Release|Any CPU
		{EEA6571B-3426-42E6-B4BE-DCCDE1691DAE}.Debug|Any CPU.ActiveCfg = Debug|Any CPU
		{EEA6571B-3426-42E6-B4BE-DCCDE1691DAE}.Debug|Any CPU.Build.0 = Debug|Any CPU
		{EEA6571B-3426-42E6-B4BE-DCCDE1691DAE}.Release|Any CPU.ActiveCfg = Release|Any CPU
		{EEA6571B-3426-42E6-B4BE-DCCDE1691DAE}.Release|Any CPU.Build.0 = Release|Any CPU
		{ADFB62FA-43A5-4FCA-9586-42D8E054D82B}.Debug|Any CPU.ActiveCfg = Debug|Any CPU
		{ADFB62FA-43A5-4FCA-9586-42D8E054D82B}.Debug|Any CPU.Build.0 = Debug|Any CPU
		{ADFB62FA-43A5-4FCA-9586-42D8E054D82B}.Release|Any CPU.ActiveCfg = Release|Any CPU
		{ADFB62FA-43A5-4FCA-9586-42D8E054D82B}.Release|Any CPU.Build.0 = Release|Any CPU
		{8DC0AA84-C5B4-49F8-909E-602D115FEF41}.Debug|Any CPU.ActiveCfg = Debug|Any CPU
		{8DC0AA84-C5B4-49F8-909E-602D115FEF41}.Debug|Any CPU.Build.0 = Debug|Any CPU
		{8DC0AA84-C5B4-49F8-909E-602D115FEF41}.Release|Any CPU.ActiveCfg = Release|Any CPU
		{8DC0AA84-C5B4-49F8-909E-602D115FEF41}.Release|Any CPU.Build.0 = Release|Any CPU
		{C0FB2B0E-67CA-4E83-81A4-2881417A208E}.Debug|Any CPU.ActiveCfg = Debug|Any CPU
		{C0FB2B0E-67CA-4E83-81A4-2881417A208E}.Debug|Any CPU.Build.0 = Debug|Any CPU
		{C0FB2B0E-67CA-4E83-81A4-2881417A208E}.Release|Any CPU.ActiveCfg = Release|Any CPU
		{C0FB2B0E-67CA-4E83-81A4-2881417A208E}.Release|Any CPU.Build.0 = Release|Any CPU
		{8762F8D0-1806-4D8E-A048-695A76F64F2B}.Debug|Any CPU.ActiveCfg = Debug|Any CPU
		{8762F8D0-1806-4D8E-A048-695A76F64F2B}.Debug|Any CPU.Build.0 = Debug|Any CPU
		{8762F8D0-1806-4D8E-A048-695A76F64F2B}.Release|Any CPU.ActiveCfg = Release|Any CPU
		{8762F8D0-1806-4D8E-A048-695A76F64F2B}.Release|Any CPU.Build.0 = Release|Any CPU
		{56248353-736C-497F-B0D7-D33761C3724A}.Debug|Any CPU.ActiveCfg = Debug|Any CPU
		{56248353-736C-497F-B0D7-D33761C3724A}.Debug|Any CPU.Build.0 = Debug|Any CPU
		{56248353-736C-497F-B0D7-D33761C3724A}.Release|Any CPU.ActiveCfg = Release|Any CPU
		{56248353-736C-497F-B0D7-D33761C3724A}.Release|Any CPU.Build.0 = Release|Any CPU
		{BB12186D-D77B-4526-A8EF-7E4D3024B5C9}.Debug|Any CPU.ActiveCfg = Debug|Any CPU
		{BB12186D-D77B-4526-A8EF-7E4D3024B5C9}.Debug|Any CPU.Build.0 = Debug|Any CPU
		{BB12186D-D77B-4526-A8EF-7E4D3024B5C9}.Release|Any CPU.ActiveCfg = Release|Any CPU
		{BB12186D-D77B-4526-A8EF-7E4D3024B5C9}.Release|Any CPU.Build.0 = Release|Any CPU
		{456203C7-7559-429E-BACE-B5139346B000}.Debug|Any CPU.ActiveCfg = Debug|Any CPU
		{456203C7-7559-429E-BACE-B5139346B000}.Debug|Any CPU.Build.0 = Debug|Any CPU
		{456203C7-7559-429E-BACE-B5139346B000}.Release|Any CPU.ActiveCfg = Release|Any CPU
		{456203C7-7559-429E-BACE-B5139346B000}.Release|Any CPU.Build.0 = Release|Any CPU
		{9C37413B-A72C-4191-9920-231639D52548}.Debug|Any CPU.ActiveCfg = Debug|Any CPU
		{9C37413B-A72C-4191-9920-231639D52548}.Debug|Any CPU.Build.0 = Debug|Any CPU
		{9C37413B-A72C-4191-9920-231639D52548}.Release|Any CPU.ActiveCfg = Release|Any CPU
		{9C37413B-A72C-4191-9920-231639D52548}.Release|Any CPU.Build.0 = Release|Any CPU
		{EAA9BF28-4D7D-45FF-B29F-59FB167EF86A}.Debug|Any CPU.ActiveCfg = Debug|Any CPU
		{EAA9BF28-4D7D-45FF-B29F-59FB167EF86A}.Debug|Any CPU.Build.0 = Debug|Any CPU
		{EAA9BF28-4D7D-45FF-B29F-59FB167EF86A}.Release|Any CPU.ActiveCfg = Release|Any CPU
		{EAA9BF28-4D7D-45FF-B29F-59FB167EF86A}.Release|Any CPU.Build.0 = Release|Any CPU
		{3837CC4A-4A4B-43FF-B7CB-304E86ECEA87}.Debug|Any CPU.ActiveCfg = Debug|Any CPU
		{3837CC4A-4A4B-43FF-B7CB-304E86ECEA87}.Debug|Any CPU.Build.0 = Debug|Any CPU
		{3837CC4A-4A4B-43FF-B7CB-304E86ECEA87}.Release|Any CPU.ActiveCfg = Release|Any CPU
		{3837CC4A-4A4B-43FF-B7CB-304E86ECEA87}.Release|Any CPU.Build.0 = Release|Any CPU
		{5658BFE4-74EF-4B44-A651-B01F7E1AD77B}.Debug|Any CPU.ActiveCfg = Debug|Any CPU
		{5658BFE4-74EF-4B44-A651-B01F7E1AD77B}.Debug|Any CPU.Build.0 = Debug|Any CPU
		{5658BFE4-74EF-4B44-A651-B01F7E1AD77B}.Release|Any CPU.ActiveCfg = Release|Any CPU
		{5658BFE4-74EF-4B44-A651-B01F7E1AD77B}.Release|Any CPU.Build.0 = Release|Any CPU
		{EAC8A2E9-93F9-4F5B-9F62-093CE9191BEF}.Debug|Any CPU.ActiveCfg = Debug|Any CPU
		{EAC8A2E9-93F9-4F5B-9F62-093CE9191BEF}.Debug|Any CPU.Build.0 = Debug|Any CPU
		{EAC8A2E9-93F9-4F5B-9F62-093CE9191BEF}.Release|Any CPU.ActiveCfg = Release|Any CPU
		{EAC8A2E9-93F9-4F5B-9F62-093CE9191BEF}.Release|Any CPU.Build.0 = Release|Any CPU
		{37AB26A2-61C3-405E-92F2-54E1F1071077}.Debug|Any CPU.ActiveCfg = Debug|Any CPU
		{37AB26A2-61C3-405E-92F2-54E1F1071077}.Debug|Any CPU.Build.0 = Debug|Any CPU
		{37AB26A2-61C3-405E-92F2-54E1F1071077}.Release|Any CPU.ActiveCfg = Release|Any CPU
		{37AB26A2-61C3-405E-92F2-54E1F1071077}.Release|Any CPU.Build.0 = Release|Any CPU
		{59F95A3E-5532-486C-8A7F-39014213ADE4}.Debug|Any CPU.ActiveCfg = Debug|Any CPU
		{59F95A3E-5532-486C-8A7F-39014213ADE4}.Debug|Any CPU.Build.0 = Debug|Any CPU
		{59F95A3E-5532-486C-8A7F-39014213ADE4}.Release|Any CPU.ActiveCfg = Release|Any CPU
		{59F95A3E-5532-486C-8A7F-39014213ADE4}.Release|Any CPU.Build.0 = Release|Any CPU
		{34EAE6C0-49F0-4ED2-BE0C-5C2810B52A77}.Debug|Any CPU.ActiveCfg = Debug|Any CPU
		{34EAE6C0-49F0-4ED2-BE0C-5C2810B52A77}.Debug|Any CPU.Build.0 = Debug|Any CPU
		{34EAE6C0-49F0-4ED2-BE0C-5C2810B52A77}.Release|Any CPU.ActiveCfg = Release|Any CPU
		{34EAE6C0-49F0-4ED2-BE0C-5C2810B52A77}.Release|Any CPU.Build.0 = Release|Any CPU
		{5C59DD7B-A968-464A-8686-134175F47DB6}.Debug|Any CPU.ActiveCfg = Debug|Any CPU
		{5C59DD7B-A968-464A-8686-134175F47DB6}.Debug|Any CPU.Build.0 = Debug|Any CPU
		{5C59DD7B-A968-464A-8686-134175F47DB6}.Release|Any CPU.ActiveCfg = Release|Any CPU
		{5C59DD7B-A968-464A-8686-134175F47DB6}.Release|Any CPU.Build.0 = Release|Any CPU
		{290E2017-26F9-45EA-BA77-36A8241C923A}.Debug|Any CPU.ActiveCfg = Debug|Any CPU
		{290E2017-26F9-45EA-BA77-36A8241C923A}.Debug|Any CPU.Build.0 = Debug|Any CPU
		{290E2017-26F9-45EA-BA77-36A8241C923A}.Release|Any CPU.ActiveCfg = Release|Any CPU
		{290E2017-26F9-45EA-BA77-36A8241C923A}.Release|Any CPU.Build.0 = Release|Any CPU
		{9E274954-3699-4A47-85EB-3F911B9A5B69}.Debug|Any CPU.ActiveCfg = Debug|Any CPU
		{9E274954-3699-4A47-85EB-3F911B9A5B69}.Debug|Any CPU.Build.0 = Debug|Any CPU
		{9E274954-3699-4A47-85EB-3F911B9A5B69}.Release|Any CPU.ActiveCfg = Release|Any CPU
		{9E274954-3699-4A47-85EB-3F911B9A5B69}.Release|Any CPU.Build.0 = Release|Any CPU
		{448C8E33-0B40-4F98-9AA7-03A71EEBC114}.Debug|Any CPU.ActiveCfg = Debug|Any CPU
		{448C8E33-0B40-4F98-9AA7-03A71EEBC114}.Debug|Any CPU.Build.0 = Debug|Any CPU
		{448C8E33-0B40-4F98-9AA7-03A71EEBC114}.Release|Any CPU.ActiveCfg = Release|Any CPU
		{448C8E33-0B40-4F98-9AA7-03A71EEBC114}.Release|Any CPU.Build.0 = Release|Any CPU
		{511A803C-F5DC-4B5E-8B7E-03283EF0F326}.Debug|Any CPU.ActiveCfg = Debug|Any CPU
		{511A803C-F5DC-4B5E-8B7E-03283EF0F326}.Debug|Any CPU.Build.0 = Debug|Any CPU
		{511A803C-F5DC-4B5E-8B7E-03283EF0F326}.Release|Any CPU.ActiveCfg = Release|Any CPU
		{511A803C-F5DC-4B5E-8B7E-03283EF0F326}.Release|Any CPU.Build.0 = Release|Any CPU
	EndGlobalSection
	GlobalSection(NestedProjects) = preSolution
		{ADFB62FA-43A5-4FCA-9586-42D8E054D82B} = {F19D4E6A-23C2-45A6-A6EB-5A65B308C482}
		{EEA6571B-3426-42E6-B4BE-DCCDE1691DAE} = {F19D4E6A-23C2-45A6-A6EB-5A65B308C482}
		{8DC0AA84-C5B4-49F8-909E-602D115FEF41} = {BE7B32FB-BF2F-48A0-AD7D-A97042191745}
		{C0FB2B0E-67CA-4E83-81A4-2881417A208E} = {BE7B32FB-BF2F-48A0-AD7D-A97042191745}
		{BB12186D-D77B-4526-A8EF-7E4D3024B5C9} = {B9DE988A-E294-4E3A-8F3B-88BDA584E98F}
		{8762F8D0-1806-4D8E-A048-695A76F64F2B} = {B9DE988A-E294-4E3A-8F3B-88BDA584E98F}
		{456203C7-7559-429E-BACE-B5139346B000} = {B9DE988A-E294-4E3A-8F3B-88BDA584E98F}
		{BE7B32FB-BF2F-48A0-AD7D-A97042191745} = {C472FF37-1315-4274-9421-17E16C16D12C}
		{F19D4E6A-23C2-45A6-A6EB-5A65B308C482} = {C472FF37-1315-4274-9421-17E16C16D12C}
		{B9DE988A-E294-4E3A-8F3B-88BDA584E98F} = {C472FF37-1315-4274-9421-17E16C16D12C}
		{8E66EFA4-E2DD-41DA-921C-2B7A6CD65C28} = {C472FF37-1315-4274-9421-17E16C16D12C}
		{EAA9BF28-4D7D-45FF-B29F-59FB167EF86A} = {B2BA58CE-1F61-471E-A4D9-AE03887CD170}
		{9C37413B-A72C-4191-9920-231639D52548} = {359093A2-1DCF-40F9-9F4A-FCE28146660B}
		{245C8FF0-110D-48C8-A6C1-4B07F8B982F0} = {359093A2-1DCF-40F9-9F4A-FCE28146660B}
		{59F95A3E-5532-486C-8A7F-39014213ADE4} = {245C8FF0-110D-48C8-A6C1-4B07F8B982F0}
		{34EAE6C0-49F0-4ED2-BE0C-5C2810B52A77} = {245C8FF0-110D-48C8-A6C1-4B07F8B982F0}
		{D2412C02-19B5-4D0B-BFFE-F496A72EAF35} = {359093A2-1DCF-40F9-9F4A-FCE28146660B}
		{EAC8A2E9-93F9-4F5B-9F62-093CE9191BEF} = {D2412C02-19B5-4D0B-BFFE-F496A72EAF35}
		{37AB26A2-61C3-405E-92F2-54E1F1071077} = {D2412C02-19B5-4D0B-BFFE-F496A72EAF35}
		{AD9DCBD5-9B46-41B6-A139-1991B4D576DF} = {359093A2-1DCF-40F9-9F4A-FCE28146660B}
		{5658BFE4-74EF-4B44-A651-B01F7E1AD77B} = {AD9DCBD5-9B46-41B6-A139-1991B4D576DF}
		{3837CC4A-4A4B-43FF-B7CB-304E86ECEA87} = {AD9DCBD5-9B46-41B6-A139-1991B4D576DF}
		{4A149C36-A57A-4F0B-961B-BEAC3EAA1E12} = {B2BA58CE-1F61-471E-A4D9-AE03887CD170}
		{DE2A55B2-41B5-41D3-AD66-BDA78C3E263F} = {B2BA58CE-1F61-471E-A4D9-AE03887CD170}
		{5C59DD7B-A968-464A-8686-134175F47DB6} = {4A149C36-A57A-4F0B-961B-BEAC3EAA1E12}
		{290E2017-26F9-45EA-BA77-36A8241C923A} = {4A149C36-A57A-4F0B-961B-BEAC3EAA1E12}
		{9E274954-3699-4A47-85EB-3F911B9A5B69} = {DE2A55B2-41B5-41D3-AD66-BDA78C3E263F}
		{448C8E33-0B40-4F98-9AA7-03A71EEBC114} = {DE2A55B2-41B5-41D3-AD66-BDA78C3E263F}
		{56248353-736C-497F-B0D7-D33761C3724A} = {DE2A55B2-41B5-41D3-AD66-BDA78C3E263F}
		{511A803C-F5DC-4B5E-8B7E-03283EF0F326} = {B2BA58CE-1F61-471E-A4D9-AE03887CD170}
	EndGlobalSection
EndGlobal
